
Microsoft Visual Studio Solution File, Format Version 12.00
# Visual Studio Version 16
VisualStudioVersion = 16.0.31911.196
MinimumVisualStudioVersion = 10.0.40219.1
Project("{2150E333-8FDC-42A3-9474-1A3956D46DE8}") = "ShopManagement", "ShopManagement", "{C559F772-CD42-4874-9B24-2EDF73B95FED}"
EndProject
Project("{2150E333-8FDC-42A3-9474-1A3956D46DE8}") = "SM.Domain", "SM.Domain", "{5BA19472-15F6-4051-ACD4-C495B305EB21}"
EndProject
Project("{2150E333-8FDC-42A3-9474-1A3956D46DE8}") = "SM.Infrastructure", "SM.Infrastructure", "{69A5ACAF-E0B9-445A-868E-582CC1EEA863}"
EndProject
Project("{9A19103F-16F7-4668-BE54-9A1E7A4F7556}") = "ShopManagement.Domain", "ShopManagement.Domain\ShopManagement.Domain.csproj", "{0A9C95D4-C1DD-4367-BDB6-3FAA72940885}"
EndProject
Project("{9A19103F-16F7-4668-BE54-9A1E7A4F7556}") = "ShopManagement.Infrastructure.Configuration", "ShopManagement.Infrastructure.Configuration\ShopManagement.Infrastructure.Configuration.csproj", "{BB2CF92A-80AA-4A85-94D2-7806354E7C0B}"
EndProject
Project("{9A19103F-16F7-4668-BE54-9A1E7A4F7556}") = "ShopManagement.Infrastructure.EFCore", "ShopManagement.Infrastructure.EFCore\ShopManagement.Infrastructure.EFCore.csproj", "{28A7ECD5-4243-468C-98B1-E810CB24E079}"
EndProject
Project("{2150E333-8FDC-42A3-9474-1A3956D46DE8}") = "0_Framework", "0_Framework", "{A9D4AFD2-F991-4CDD-8BD0-6D1FE0473522}"
EndProject
Project("{9A19103F-16F7-4668-BE54-9A1E7A4F7556}") = "_0_Framework", "0-FrameWork\_0_Framework.csproj", "{63A7E2DE-17D8-4A38-A2D2-3FF4CE360C40}"
EndProject
Project("{9A19103F-16F7-4668-BE54-9A1E7A4F7556}") = "ServiceHost", "ServiceHost\ServiceHost.csproj", "{51B1B531-DC78-4282-B7FC-BE9585C7474D}"
EndProject
Project("{2150E333-8FDC-42A3-9474-1A3956D46DE8}") = "SM.Application", "SM.Application", "{962B6A50-6DD0-42D2-87E7-C6205907A894}"
EndProject
Project("{9A19103F-16F7-4668-BE54-9A1E7A4F7556}") = "ShopManagement.Application.Contracts", "ShopManagement.Application.Contracts\ShopManagement.Application.Contracts.csproj", "{043E5DC5-F709-4CBD-A39C-7D15B0ED82EC}"
EndProject
Project("{9A19103F-16F7-4668-BE54-9A1E7A4F7556}") = "ShopManagement.Application", "ShopManagement.Application\ShopManagement.Application.csproj", "{20EF2541-D288-4265-A230-E0B3C199CFBE}"
EndProject
Project("{2150E333-8FDC-42A3-9474-1A3956D46DE8}") = "01_LampshadeQueryy", "01_LampshadeQueryy", "{097CBF79-A87D-4962-B4C9-1B77EFA2EBB2}"
EndProject
Project("{9A19103F-16F7-4668-BE54-9A1E7A4F7556}") = "01_LampshadeQuery", "01_LampshadeQuery\01_LampshadeQuery.csproj", "{3E741F86-47A5-41F7-B3D1-A4E495729171}"
EndProject
Project("{2150E333-8FDC-42A3-9474-1A3956D46DE8}") = "DiscountManagement", "DiscountManagement", "{E86F7D84-6FCD-476F-8EC0-F38BCA624CD4}"
EndProject
Project("{2150E333-8FDC-42A3-9474-1A3956D46DE8}") = "DM.Application", "DM.Application", "{82F743CC-4F96-4B61-A7CC-BDC4641FFFD9}"
EndProject
Project("{2150E333-8FDC-42A3-9474-1A3956D46DE8}") = "DM.Domain", "DM.Domain", "{0F0EE28E-7E0B-4C6A-A5E4-01602B85F555}"
EndProject
Project("{2150E333-8FDC-42A3-9474-1A3956D46DE8}") = "DM.Infrastructure", "DM.Infrastructure", "{F1FB6463-FAA1-4A55-9300-0583F954D157}"
EndProject
Project("{9A19103F-16F7-4668-BE54-9A1E7A4F7556}") = "DiscountManagement.Domain", "DiscountManagement.Domain\DiscountManagement.Domain.csproj", "{BD62D304-13C3-4A20-91AC-01F541614792}"
	ProjectSection(ProjectDependencies) = postProject
		{63A7E2DE-17D8-4A38-A2D2-3FF4CE360C40} = {63A7E2DE-17D8-4A38-A2D2-3FF4CE360C40}
	EndProjectSection
EndProject
Project("{9A19103F-16F7-4668-BE54-9A1E7A4F7556}") = "DiscountManagement.Application.Contract", "DiscountManagement.Application.Contract\DiscountManagement.Application.Contract.csproj", "{D60FC5D8-490D-4237-B77F-D0B02D688CB9}"
EndProject
Project("{9A19103F-16F7-4668-BE54-9A1E7A4F7556}") = "DiscountManagement.Application", "DiscountManagement.Application\DiscountManagement.Application.csproj", "{B15915E0-3BF2-48C0-A659-3E41C25BD229}"
EndProject
Project("{9A19103F-16F7-4668-BE54-9A1E7A4F7556}") = "DiscountManagement.Infrastructure.EFCore", "DiscountManagement.Infrastructure.EFCore\DiscountManagement.Infrastructure.EFCore.csproj", "{843533D7-14D6-4DC7-8968-7DF8F563FD03}"
EndProject
Project("{9A19103F-16F7-4668-BE54-9A1E7A4F7556}") = "DiscountManagement.Configuration", "DiscountManagement.Configuration\DiscountManagement.Configuration.csproj", "{F26D7BE4-7450-4172-92E0-EEA8F7385C96}"
	ProjectSection(ProjectDependencies) = postProject
		{B15915E0-3BF2-48C0-A659-3E41C25BD229} = {B15915E0-3BF2-48C0-A659-3E41C25BD229}
	EndProjectSection
EndProject
Project("{2150E333-8FDC-42A3-9474-1A3956D46DE8}") = "InventoryManagement", "InventoryManagement", "{88AB88AE-300F-4481-B70C-D5EC00679537}"
EndProject
Project("{2150E333-8FDC-42A3-9474-1A3956D46DE8}") = "IM.Application", "IM.Application", "{48CE103B-F2A6-489D-903C-9957AD6F2E3A}"
EndProject
Project("{2150E333-8FDC-42A3-9474-1A3956D46DE8}") = "IM.Domain", "IM.Domain", "{4D1F78FE-D307-4A07-AEDD-AA2CF8742D09}"
EndProject
Project("{2150E333-8FDC-42A3-9474-1A3956D46DE8}") = "IM.Infrastructure", "IM.Infrastructure", "{751BF01F-74BF-4773-A733-87476DCD0A7E}"
EndProject
Project("{9A19103F-16F7-4668-BE54-9A1E7A4F7556}") = "InventoryManagement.Domain", "InventoryManagement.Domain\InventoryManagement.Domain.csproj", "{EF3FC69A-52D3-4FCC-9C61-DA82F46677FE}"
EndProject
Project("{9A19103F-16F7-4668-BE54-9A1E7A4F7556}") = "InventoryManagement.Application.Contract", "InventoryManagement.Application.Contract\InventoryManagement.Application.Contract.csproj", "{5F5500B0-1057-46B3-A04A-F19DF8924AC7}"
EndProject
Project("{9A19103F-16F7-4668-BE54-9A1E7A4F7556}") = "InventoryManagement.Application", "InventoryManagement.Application\InventoryManagement.Application.csproj", "{B55CE3A6-31F8-4B4E-AA9F-5DF7E7395E10}"
EndProject
Project("{9A19103F-16F7-4668-BE54-9A1E7A4F7556}") = "InventoryManagement.Infrastructure.EFCore", "InventoryMangement.Infrastructure.EFCore\InventoryManagement.Infrastructure.EFCore.csproj", "{05621158-BAC3-4898-8926-7C942CA7BCA9}"
EndProject
Project("{9A19103F-16F7-4668-BE54-9A1E7A4F7556}") = "InventoryManagement.Infrastructure.Configuration", "InventoryManagement.Infrastructure.Configuration\InventoryManagement.Infrastructure.Configuration.csproj", "{2C69C5A4-864A-484B-9461-87C0445980B2}"
EndProject
Global
	GlobalSection(SolutionConfigurationPlatforms) = preSolution
		Debug|Any CPU = Debug|Any CPU
		Release|Any CPU = Release|Any CPU
	EndGlobalSection
	GlobalSection(ProjectConfigurationPlatforms) = postSolution
		{0A9C95D4-C1DD-4367-BDB6-3FAA72940885}.Debug|Any CPU.ActiveCfg = Debug|Any CPU
		{0A9C95D4-C1DD-4367-BDB6-3FAA72940885}.Debug|Any CPU.Build.0 = Debug|Any CPU
		{0A9C95D4-C1DD-4367-BDB6-3FAA72940885}.Release|Any CPU.ActiveCfg = Release|Any CPU
		{0A9C95D4-C1DD-4367-BDB6-3FAA72940885}.Release|Any CPU.Build.0 = Release|Any CPU
		{BB2CF92A-80AA-4A85-94D2-7806354E7C0B}.Debug|Any CPU.ActiveCfg = Debug|Any CPU
		{BB2CF92A-80AA-4A85-94D2-7806354E7C0B}.Debug|Any CPU.Build.0 = Debug|Any CPU
		{BB2CF92A-80AA-4A85-94D2-7806354E7C0B}.Release|Any CPU.ActiveCfg = Release|Any CPU
		{BB2CF92A-80AA-4A85-94D2-7806354E7C0B}.Release|Any CPU.Build.0 = Release|Any CPU
		{28A7ECD5-4243-468C-98B1-E810CB24E079}.Debug|Any CPU.ActiveCfg = Debug|Any CPU
		{28A7ECD5-4243-468C-98B1-E810CB24E079}.Debug|Any CPU.Build.0 = Debug|Any CPU
		{28A7ECD5-4243-468C-98B1-E810CB24E079}.Release|Any CPU.ActiveCfg = Release|Any CPU
		{28A7ECD5-4243-468C-98B1-E810CB24E079}.Release|Any CPU.Build.0 = Release|Any CPU
		{63A7E2DE-17D8-4A38-A2D2-3FF4CE360C40}.Debug|Any CPU.ActiveCfg = Debug|Any CPU
		{63A7E2DE-17D8-4A38-A2D2-3FF4CE360C40}.Debug|Any CPU.Build.0 = Debug|Any CPU
		{63A7E2DE-17D8-4A38-A2D2-3FF4CE360C40}.Release|Any CPU.ActiveCfg = Release|Any CPU
		{63A7E2DE-17D8-4A38-A2D2-3FF4CE360C40}.Release|Any CPU.Build.0 = Release|Any CPU
		{51B1B531-DC78-4282-B7FC-BE9585C7474D}.Debug|Any CPU.ActiveCfg = Debug|Any CPU
		{51B1B531-DC78-4282-B7FC-BE9585C7474D}.Debug|Any CPU.Build.0 = Debug|Any CPU
		{51B1B531-DC78-4282-B7FC-BE9585C7474D}.Release|Any CPU.ActiveCfg = Release|Any CPU
		{51B1B531-DC78-4282-B7FC-BE9585C7474D}.Release|Any CPU.Build.0 = Release|Any CPU
		{043E5DC5-F709-4CBD-A39C-7D15B0ED82EC}.Debug|Any CPU.ActiveCfg = Debug|Any CPU
		{043E5DC5-F709-4CBD-A39C-7D15B0ED82EC}.Debug|Any CPU.Build.0 = Debug|Any CPU
		{043E5DC5-F709-4CBD-A39C-7D15B0ED82EC}.Release|Any CPU.ActiveCfg = Release|Any CPU
		{043E5DC5-F709-4CBD-A39C-7D15B0ED82EC}.Release|Any CPU.Build.0 = Release|Any CPU
		{20EF2541-D288-4265-A230-E0B3C199CFBE}.Debug|Any CPU.ActiveCfg = Debug|Any CPU
		{20EF2541-D288-4265-A230-E0B3C199CFBE}.Debug|Any CPU.Build.0 = Debug|Any CPU
		{20EF2541-D288-4265-A230-E0B3C199CFBE}.Release|Any CPU.ActiveCfg = Release|Any CPU
		{20EF2541-D288-4265-A230-E0B3C199CFBE}.Release|Any CPU.Build.0 = Release|Any CPU
		{3E741F86-47A5-41F7-B3D1-A4E495729171}.Debug|Any CPU.ActiveCfg = Debug|Any CPU
		{3E741F86-47A5-41F7-B3D1-A4E495729171}.Debug|Any CPU.Build.0 = Debug|Any CPU
		{3E741F86-47A5-41F7-B3D1-A4E495729171}.Release|Any CPU.ActiveCfg = Release|Any CPU
		{3E741F86-47A5-41F7-B3D1-A4E495729171}.Release|Any CPU.Build.0 = Release|Any CPU
		{BD62D304-13C3-4A20-91AC-01F541614792}.Debug|Any CPU.ActiveCfg = Debug|Any CPU
		{BD62D304-13C3-4A20-91AC-01F541614792}.Debug|Any CPU.Build.0 = Debug|Any CPU
		{BD62D304-13C3-4A20-91AC-01F541614792}.Release|Any CPU.ActiveCfg = Release|Any CPU
		{BD62D304-13C3-4A20-91AC-01F541614792}.Release|Any CPU.Build.0 = Release|Any CPU
		{D60FC5D8-490D-4237-B77F-D0B02D688CB9}.Debug|Any CPU.ActiveCfg = Debug|Any CPU
		{D60FC5D8-490D-4237-B77F-D0B02D688CB9}.Debug|Any CPU.Build.0 = Debug|Any CPU
		{D60FC5D8-490D-4237-B77F-D0B02D688CB9}.Release|Any CPU.ActiveCfg = Release|Any CPU
		{D60FC5D8-490D-4237-B77F-D0B02D688CB9}.Release|Any CPU.Build.0 = Release|Any CPU
		{B15915E0-3BF2-48C0-A659-3E41C25BD229}.Debug|Any CPU.ActiveCfg = Debug|Any CPU
		{B15915E0-3BF2-48C0-A659-3E41C25BD229}.Debug|Any CPU.Build.0 = Debug|Any CPU
		{B15915E0-3BF2-48C0-A659-3E41C25BD229}.Release|Any CPU.ActiveCfg = Release|Any CPU
		{B15915E0-3BF2-48C0-A659-3E41C25BD229}.Release|Any CPU.Build.0 = Release|Any CPU
		{843533D7-14D6-4DC7-8968-7DF8F563FD03}.Debug|Any CPU.ActiveCfg = Debug|Any CPU
		{843533D7-14D6-4DC7-8968-7DF8F563FD03}.Debug|Any CPU.Build.0 = Debug|Any CPU
		{843533D7-14D6-4DC7-8968-7DF8F563FD03}.Release|Any CPU.ActiveCfg = Release|Any CPU
		{843533D7-14D6-4DC7-8968-7DF8F563FD03}.Release|Any CPU.Build.0 = Release|Any CPU
		{F26D7BE4-7450-4172-92E0-EEA8F7385C96}.Debug|Any CPU.ActiveCfg = Debug|Any CPU
		{F26D7BE4-7450-4172-92E0-EEA8F7385C96}.Debug|Any CPU.Build.0 = Debug|Any CPU
		{F26D7BE4-7450-4172-92E0-EEA8F7385C96}.Release|Any CPU.ActiveCfg = Release|Any CPU
		{F26D7BE4-7450-4172-92E0-EEA8F7385C96}.Release|Any CPU.Build.0 = Release|Any CPU
		{EF3FC69A-52D3-4FCC-9C61-DA82F46677FE}.Debug|Any CPU.ActiveCfg = Debug|Any CPU
		{EF3FC69A-52D3-4FCC-9C61-DA82F46677FE}.Debug|Any CPU.Build.0 = Debug|Any CPU
		{EF3FC69A-52D3-4FCC-9C61-DA82F46677FE}.Release|Any CPU.ActiveCfg = Release|Any CPU
		{EF3FC69A-52D3-4FCC-9C61-DA82F46677FE}.Release|Any CPU.Build.0 = Release|Any CPU
		{5F5500B0-1057-46B3-A04A-F19DF8924AC7}.Debug|Any CPU.ActiveCfg = Debug|Any CPU
		{5F5500B0-1057-46B3-A04A-F19DF8924AC7}.Debug|Any CPU.Build.0 = Debug|Any CPU
		{5F5500B0-1057-46B3-A04A-F19DF8924AC7}.Release|Any CPU.ActiveCfg = Release|Any CPU
		{5F5500B0-1057-46B3-A04A-F19DF8924AC7}.Release|Any CPU.Build.0 = Release|Any CPU
		{B55CE3A6-31F8-4B4E-AA9F-5DF7E7395E10}.Debug|Any CPU.ActiveCfg = Debug|Any CPU
		{B55CE3A6-31F8-4B4E-AA9F-5DF7E7395E10}.Debug|Any CPU.Build.0 = Debug|Any CPU
		{B55CE3A6-31F8-4B4E-AA9F-5DF7E7395E10}.Release|Any CPU.ActiveCfg = Release|Any CPU
		{B55CE3A6-31F8-4B4E-AA9F-5DF7E7395E10}.Release|Any CPU.Build.0 = Release|Any CPU
		{05621158-BAC3-4898-8926-7C942CA7BCA9}.Debug|Any CPU.ActiveCfg = Debug|Any CPU
		{05621158-BAC3-4898-8926-7C942CA7BCA9}.Debug|Any CPU.Build.0 = Debug|Any CPU
		{05621158-BAC3-4898-8926-7C942CA7BCA9}.Release|Any CPU.ActiveCfg = Release|Any CPU
		{05621158-BAC3-4898-8926-7C942CA7BCA9}.Release|Any CPU.Build.0 = Release|Any CPU
		{2C69C5A4-864A-484B-9461-87C0445980B2}.Debug|Any CPU.ActiveCfg = Debug|Any CPU
		{2C69C5A4-864A-484B-9461-87C0445980B2}.Debug|Any CPU.Build.0 = Debug|Any CPU
		{2C69C5A4-864A-484B-9461-87C0445980B2}.Release|Any CPU.ActiveCfg = Release|Any CPU
		{2C69C5A4-864A-484B-9461-87C0445980B2}.Release|Any CPU.Build.0 = Release|Any CPU
	EndGlobalSection
	GlobalSection(SolutionProperties) = preSolution
		HideSolutionNode = FALSE
	EndGlobalSection
	GlobalSection(NestedProjects) = preSolution
		{5BA19472-15F6-4051-ACD4-C495B305EB21} = {C559F772-CD42-4874-9B24-2EDF73B95FED}
		{69A5ACAF-E0B9-445A-868E-582CC1EEA863} = {C559F772-CD42-4874-9B24-2EDF73B95FED}
		{0A9C95D4-C1DD-4367-BDB6-3FAA72940885} = {5BA19472-15F6-4051-ACD4-C495B305EB21}
		{BB2CF92A-80AA-4A85-94D2-7806354E7C0B} = {69A5ACAF-E0B9-445A-868E-582CC1EEA863}
		{28A7ECD5-4243-468C-98B1-E810CB24E079} = {69A5ACAF-E0B9-445A-868E-582CC1EEA863}
		{63A7E2DE-17D8-4A38-A2D2-3FF4CE360C40} = {A9D4AFD2-F991-4CDD-8BD0-6D1FE0473522}
		{962B6A50-6DD0-42D2-87E7-C6205907A894} = {C559F772-CD42-4874-9B24-2EDF73B95FED}
		{043E5DC5-F709-4CBD-A39C-7D15B0ED82EC} = {962B6A50-6DD0-42D2-87E7-C6205907A894}
		{20EF2541-D288-4265-A230-E0B3C199CFBE} = {962B6A50-6DD0-42D2-87E7-C6205907A894}
		{3E741F86-47A5-41F7-B3D1-A4E495729171} = {097CBF79-A87D-4962-B4C9-1B77EFA2EBB2}
		{82F743CC-4F96-4B61-A7CC-BDC4641FFFD9} = {E86F7D84-6FCD-476F-8EC0-F38BCA624CD4}
		{0F0EE28E-7E0B-4C6A-A5E4-01602B85F555} = {E86F7D84-6FCD-476F-8EC0-F38BCA624CD4}
		{F1FB6463-FAA1-4A55-9300-0583F954D157} = {E86F7D84-6FCD-476F-8EC0-F38BCA624CD4}
		{BD62D304-13C3-4A20-91AC-01F541614792} = {0F0EE28E-7E0B-4C6A-A5E4-01602B85F555}
		{D60FC5D8-490D-4237-B77F-D0B02D688CB9} = {82F743CC-4F96-4B61-A7CC-BDC4641FFFD9}
		{B15915E0-3BF2-48C0-A659-3E41C25BD229} = {82F743CC-4F96-4B61-A7CC-BDC4641FFFD9}
		{843533D7-14D6-4DC7-8968-7DF8F563FD03} = {F1FB6463-FAA1-4A55-9300-0583F954D157}
		{F26D7BE4-7450-4172-92E0-EEA8F7385C96} = {F1FB6463-FAA1-4A55-9300-0583F954D157}
		{48CE103B-F2A6-489D-903C-9957AD6F2E3A} = {88AB88AE-300F-4481-B70C-D5EC00679537}
		{4D1F78FE-D307-4A07-AEDD-AA2CF8742D09} = {88AB88AE-300F-4481-B70C-D5EC00679537}
		{751BF01F-74BF-4773-A733-87476DCD0A7E} = {88AB88AE-300F-4481-B70C-D5EC00679537}
		{EF3FC69A-52D3-4FCC-9C61-DA82F46677FE} = {4D1F78FE-D307-4A07-AEDD-AA2CF8742D09}
		{5F5500B0-1057-46B3-A04A-F19DF8924AC7} = {48CE103B-F2A6-489D-903C-9957AD6F2E3A}
		{B55CE3A6-31F8-4B4E-AA9F-5DF7E7395E10} = {48CE103B-F2A6-489D-903C-9957AD6F2E3A}
		{05621158-BAC3-4898-8926-7C942CA7BCA9} = {751BF01F-74BF-4773-A733-87476DCD0A7E}
		{2C69C5A4-864A-484B-9461-87C0445980B2} = {751BF01F-74BF-4773-A733-87476DCD0A7E}
	EndGlobalSection
	GlobalSection(ExtensibilityGlobals) = postSolution
		SolutionGuid = {F41DF8F7-7BC4-40A5-9676-2B1D2439C694}
	EndGlobalSection
EndGlobal
